{
  "nodes": {
    "flake-utils": {
      "inputs": {
        "systems": "systems"
      },
      "locked": {
        "lastModified": 1710146030,
        "narHash": "sha256-SZ5L6eA7HJ/nmkzGG7/ISclqe6oZdOZTNoesiInkXPQ=",
        "owner": "numtide",
        "repo": "flake-utils",
        "rev": "b1d9ab70662946ef0850d488da1c9019f3a9752a",
        "type": "github"
      },
      "original": {
        "owner": "numtide",
        "repo": "flake-utils",
        "type": "github"
      }
    },
    "nixpkgs": {
      "locked": {
        "lastModified": 1725816686,
        "narHash": "sha256-0Kq2MkQ/sQX1rhWJ/ySBBQlBJBUK8mPMDcuDhhdBkSU=",
        "owner": "nixos",
        "repo": "nixpkgs",
        "rev": "add0443ee587a0c44f22793b8c8649a0dbc3bb00",
        "type": "github"
      },
      "original": {
        "owner": "nixos",
        "ref": "nixpkgs-unstable",
        "repo": "nixpkgs",
        "type": "github"
      }
    },
    "nixpkgs_2": {
      "locked": {
        "lastModified": 1718428119,
        "narHash": "sha256-WdWDpNaq6u1IPtxtYHHWpl5BmabtpmLnMAx0RdJ/vo8=",
        "owner": "NixOS",
        "repo": "nixpkgs",
        "rev": "e6cea36f83499eb4e9cd184c8a8e823296b50ad5",
        "type": "github"
      },
      "original": {
        "owner": "NixOS",
        "ref": "nixpkgs-unstable",
        "repo": "nixpkgs",
        "type": "github"
      }
    },
    "root": {
      "inputs": {
        "flake-utils": "flake-utils",
        "nixpkgs": "nixpkgs",
        "rust-overlay": "rust-overlay",
        "zksync-era-mainnet": "zksync-era-mainnet",
        "zksync-era-testnet": "zksync-era-testnet"
      }
    },
    "rust-overlay": {
      "inputs": {
        "nixpkgs": "nixpkgs_2"
      },
      "locked": {
        "lastModified": 1725848835,
        "narHash": "sha256-u4lCr+tOEWhsFiww5G04U5jUNzaQJi0/ZMIDGiLeT14=",
        "owner": "oxalica",
        "repo": "rust-overlay",
        "rev": "2ef910a6276a2f34513d18f2f826a8dea72c3b3f",
        "type": "github"
      },
      "original": {
        "owner": "oxalica",
        "repo": "rust-overlay",
        "type": "github"
      }
    },
    "systems": {
      "locked": {
        "lastModified": 1681028828,
        "narHash": "sha256-Vy1rq5AaRuLzOxct8nz4T6wlgyUR7zLU309k9mBC768=",
        "owner": "nix-systems",
        "repo": "default",
        "rev": "da67096a3b9bf56a91d16901293e51ba5b49a27e",
        "type": "github"
      },
      "original": {
        "owner": "nix-systems",
        "repo": "default",
        "type": "github"
      }
    },
    "zksync-era-mainnet": {
      "flake": false,
      "locked": {
        "lastModified": 1720621509,
        "narHash": "sha256-YKThINy36KvtXdSQXNNTSg5WznOmbReGTgf1ounnvx4=",
        "owner": "matter-labs",
        "repo": "zksync-era",
        "rev": "9cdee2c1d3574abb0d8e116c63262f058ebae0a2",
        "type": "github"
      },
      "original": {
        "owner": "matter-labs",
        "ref": "core-v24.9.0",
        "repo": "zksync-era",
        "type": "github"
      }
    },
    "zksync-era-testnet": {
      "flake": false,
      "locked": {
        "lastModified": 1724866852,
        "narHash": "sha256-O87sIynC7jznQRn9j8CVKs1wGwAfSJ1b+s3bMDwEpwY=",
        "owner": "matter-labs",
        "repo": "zksync-era",
        "rev": "306038107369a1e8c3535945c187874943f9750a",
        "type": "github"
      },
      "original": {
        "owner": "matter-labs",
        "ref": "core-v24.23.0",
        "repo": "zksync-era",
        "type": "github"
      }
    }
  },
  "root": "root",
  "version": 7
}
